
Microsoft Visual Studio Solution File, Format Version 12.00
# Visual Studio Version 17
VisualStudioVersion = 17.9.34723.18
MinimumVisualStudioVersion = 10.0.40219.1
Project("{FAE04EC0-301F-11D3-BF4B-00C04F79EFBC}") = "CCA_design", "CCA_design\CCA_design.csproj", "{B9510302-37BC-4EB9-B1BF-6934BE42C934}"
EndProject
Global
	GlobalSection(SolutionConfigurationPlatforms) = preSolution
		Debug|Any CPU = Debug|Any CPU
		Release|Any CPU = Release|Any CPU
	EndGlobalSection
	GlobalSection(ProjectConfigurationPlatforms) = postSolution
		{B9510302-37BC-4EB9-B1BF-6934BE42C934}.Debug|Any CPU.ActiveCfg = Debug|Any CPU
		{B9510302-37BC-4EB9-B1BF-6934BE42C934}.Debug|Any CPU.Build.0 = Debug|Any CPU
		{B9510302-37BC-4EB9-B1BF-6934BE42C934}.Release|Any CPU.ActiveCfg = Release|Any CPU
		{B9510302-37BC-4EB9-B1BF-6934BE42C934}.Release|Any CPU.Build.0 = Release|Any CPU
	EndGlobalSection
	GlobalSection(SolutionProperties) = preSolution
		HideSolutionNode = FALSE
	EndGlobalSection
	GlobalSection(ExtensibilityGlobals) = postSolution
		SolutionGuid = {483CE141-8177-4EF9-BC0C-EA5479BDE64E}
	EndGlobalSection
EndGlobal
