
Microsoft Visual Studio Solution File, Format Version 12.00
# Visual Studio Version 17
VisualStudioVersion = 17.7.34003.232
MinimumVisualStudioVersion = 10.0.40219.1
Project("{FAE04EC0-301F-11D3-BF4B-00C04F79EFBC}") = "CCAServer", "CCAServer\CCAServer.csproj", "{11F54016-32BC-4804-98D2-2AF4AD5A4E09}"
EndProject
Global
	GlobalSection(SolutionConfigurationPlatforms) = preSolution
		Debug|Any CPU = Debug|Any CPU
		Release|Any CPU = Release|Any CPU
	EndGlobalSection
	GlobalSection(ProjectConfigurationPlatforms) = postSolution
		{11F54016-32BC-4804-98D2-2AF4AD5A4E09}.Debug|Any CPU.ActiveCfg = Debug|Any CPU
		{11F54016-32BC-4804-98D2-2AF4AD5A4E09}.Debug|Any CPU.Build.0 = Debug|Any CPU
		{11F54016-32BC-4804-98D2-2AF4AD5A4E09}.Release|Any CPU.ActiveCfg = Release|Any CPU
		{11F54016-32BC-4804-98D2-2AF4AD5A4E09}.Release|Any CPU.Build.0 = Release|Any CPU
	EndGlobalSection
	GlobalSection(SolutionProperties) = preSolution
		HideSolutionNode = FALSE
	EndGlobalSection
	GlobalSection(ExtensibilityGlobals) = postSolution
		SolutionGuid = {D29DE858-EDE3-4F67-A65B-17CB893F4480}
	EndGlobalSection
EndGlobal
